
Microsoft Visual Studio Solution File, Format Version 12.00
# Visual Studio Version 16
VisualStudioVersion = 16.0.29920.165
MinimumVisualStudioVersion = 10.0.40219.1
Project("{9A19103F-16F7-4668-BE54-9A1E7A4F7556}") = "BlazorUI", "BlazorUI\BlazorUI.csproj", "{A096D12E-D111-43A1-A711-9AFA13F115A6}"
EndProject
Project("{9A19103F-16F7-4668-BE54-9A1E7A4F7556}") = "MusicStreamServiceApp.API", "MusicStreamServiceApp.API\MusicStreamServiceApp.API.csproj", "{BC18BF39-6AEA-4973-B321-ECAA9F1CC192}"
EndProject
Project("{9A19103F-16F7-4668-BE54-9A1E7A4F7556}") = "MusicStreamServiceApp.BLL", "MusicStreamServiceApp.BLL\MusicStreamServiceApp.BLL.csproj", "{C3CE226B-9AD1-4FF1-BE29-DC78F1C04395}"
EndProject
Project("{9A19103F-16F7-4668-BE54-9A1E7A4F7556}") = "MusicStreamServiceApp.DAL", "MusicStreamServiceApp.DAL\MusicStreamServiceApp.DAL.csproj", "{0AA60C25-4AB3-48B1-9DAF-8F8F69FC3D7F}"
EndProject
Global
	GlobalSection(SolutionConfigurationPlatforms) = preSolution
		Debug|Any CPU = Debug|Any CPU
		Release|Any CPU = Release|Any CPU
	EndGlobalSection
	GlobalSection(ProjectConfigurationPlatforms) = postSolution
		{A096D12E-D111-43A1-A711-9AFA13F115A6}.Debug|Any CPU.ActiveCfg = Debug|Any CPU
		{A096D12E-D111-43A1-A711-9AFA13F115A6}.Debug|Any CPU.Build.0 = Debug|Any CPU
		{A096D12E-D111-43A1-A711-9AFA13F115A6}.Release|Any CPU.ActiveCfg = Release|Any CPU
		{A096D12E-D111-43A1-A711-9AFA13F115A6}.Release|Any CPU.Build.0 = Release|Any CPU
		{BC18BF39-6AEA-4973-B321-ECAA9F1CC192}.Debug|Any CPU.ActiveCfg = Debug|Any CPU
		{BC18BF39-6AEA-4973-B321-ECAA9F1CC192}.Debug|Any CPU.Build.0 = Debug|Any CPU
		{BC18BF39-6AEA-4973-B321-ECAA9F1CC192}.Release|Any CPU.ActiveCfg = Release|Any CPU
		{BC18BF39-6AEA-4973-B321-ECAA9F1CC192}.Release|Any CPU.Build.0 = Release|Any CPU
		{C3CE226B-9AD1-4FF1-BE29-DC78F1C04395}.Debug|Any CPU.ActiveCfg = Debug|Any CPU
		{C3CE226B-9AD1-4FF1-BE29-DC78F1C04395}.Debug|Any CPU.Build.0 = Debug|Any CPU
		{C3CE226B-9AD1-4FF1-BE29-DC78F1C04395}.Release|Any CPU.ActiveCfg = Release|Any CPU
		{C3CE226B-9AD1-4FF1-BE29-DC78F1C04395}.Release|Any CPU.Build.0 = Release|Any CPU
		{0AA60C25-4AB3-48B1-9DAF-8F8F69FC3D7F}.Debug|Any CPU.ActiveCfg = Debug|Any CPU
		{0AA60C25-4AB3-48B1-9DAF-8F8F69FC3D7F}.Debug|Any CPU.Build.0 = Debug|Any CPU
		{0AA60C25-4AB3-48B1-9DAF-8F8F69FC3D7F}.Release|Any CPU.ActiveCfg = Release|Any CPU
		{0AA60C25-4AB3-48B1-9DAF-8F8F69FC3D7F}.Release|Any CPU.Build.0 = Release|Any CPU
	EndGlobalSection
	GlobalSection(SolutionProperties) = preSolution
		HideSolutionNode = FALSE
	EndGlobalSection
	GlobalSection(ExtensibilityGlobals) = postSolution
		SolutionGuid = {7FF7ED29-F00E-4686-90EA-3CAF5DFEAA69}
	EndGlobalSection
EndGlobal
